// !$*UTF8*$!
{
	archiveVersion = 1;
	classes = {
	};
	objectVersion = 56;
	objects = {

/* Begin PBXBuildFile section */
		7D8765FF2CC68DBA006A9BF2 /* OurCityApp.swift in Sources */ = {isa = PBXBuildFile; fileRef = 7D8765FE2CC68DBA006A9BF2 /* OurCityApp.swift */; };
		7D8766012CC68DBA006A9BF2 /* ContentView.swift in Sources */ = {isa = PBXBuildFile; fileRef = 7D8766002CC68DBA006A9BF2 /* ContentView.swift */; };
		7D8766032CC68DBB006A9BF2 /* Assets.xcassets in Resources */ = {isa = PBXBuildFile; fileRef = 7D8766022CC68DBB006A9BF2 /* Assets.xcassets */; };
		7D8766062CC68DBB006A9BF2 /* Preview Assets.xcassets in Resources */ = {isa = PBXBuildFile; fileRef = 7D8766052CC68DBB006A9BF2 /* Preview Assets.xcassets */; };
		7D8766102CC68DBB006A9BF2 /* OurCityTests.swift in Sources */ = {isa = PBXBuildFile; fileRef = 7D87660F2CC68DBB006A9BF2 /* OurCityTests.swift */; };
		7D87661A2CC68DBB006A9BF2 /* OurCityUITests.swift in Sources */ = {isa = PBXBuildFile; fileRef = 7D8766192CC68DBB006A9BF2 /* OurCityUITests.swift */; };
		7D87661C2CC68DBB006A9BF2 /* OurCityUITestsLaunchTests.swift in Sources */ = {isa = PBXBuildFile; fileRef = 7D87661B2CC68DBB006A9BF2 /* OurCityUITestsLaunchTests.swift */; };
/* End PBXBuildFile section */

/* Begin PBXContainerItemProxy section */
		7D87660C2CC68DBB006A9BF2 /* PBXContainerItemProxy */ = {
			isa = PBXContainerItemProxy;
			containerPortal = 7D8765F32CC68DBA006A9BF2 /* Project object */;
			proxyType = 1;
			remoteGlobalIDString = 7D8765FA2CC68DBA006A9BF2;
			remoteInfo = OurCity;
		};
		7D8766162CC68DBB006A9BF2 /* PBXContainerItemProxy */ = {
			isa = PBXContainerItemProxy;
			containerPortal = 7D8765F32CC68DBA006A9BF2 /* Project object */;
			proxyType = 1;
			remoteGlobalIDString = 7D8765FA2CC68DBA006A9BF2;
			remoteInfo = OurCity;
		};
/* End PBXContainerItemProxy section */

/* Begin PBXFileReference section */
		7D8765FB2CC68DBA006A9BF2 /* OurCity.app */ = {isa = PBXFileReference; explicitFileType = wrapper.application; includeInIndex = 0; path = OurCity.app; sourceTree = BUILT_PRODUCTS_DIR; };
		7D8765FE2CC68DBA006A9BF2 /* OurCityApp.swift */ = {isa = PBXFileReference; lastKnownFileType = sourcecode.swift; path = OurCityApp.swift; sourceTree = "<group>"; };
		7D8766002CC68DBA006A9BF2 /* ContentView.swift */ = {isa = PBXFileReference; lastKnownFileType = sourcecode.swift; path = ContentView.swift; sourceTree = "<group>"; };
		7D8766022CC68DBB006A9BF2 /* Assets.xcassets */ = {isa = PBXFileReference; lastKnownFileType = folder.assetcatalog; path = Assets.xcassets; sourceTree = "<group>"; };
		7D8766052CC68DBB006A9BF2 /* Preview Assets.xcassets */ = {isa = PBXFileReference; lastKnownFileType = folder.assetcatalog; path = "Preview Assets.xcassets"; sourceTree = "<group>"; };
		7D87660B2CC68DBB006A9BF2 /* OurCityTests.xctest */ = {isa = PBXFileReference; explicitFileType = wrapper.cfbundle; includeInIndex = 0; path = OurCityTests.xctest; sourceTree = BUILT_PRODUCTS_DIR; };
		7D87660F2CC68DBB006A9BF2 /* OurCityTests.swift */ = {isa = PBXFileReference; lastKnownFileType = sourcecode.swift; path = OurCityTests.swift; sourceTree = "<group>"; };
		7D8766152CC68DBB006A9BF2 /* OurCityUITests.xctest */ = {isa = PBXFileReference; explicitFileType = wrapper.cfbundle; includeInIndex = 0; path = OurCityUITests.xctest; sourceTree = BUILT_PRODUCTS_DIR; };
		7D8766192CC68DBB006A9BF2 /* OurCityUITests.swift */ = {isa = PBXFileReference; lastKnownFileType = sourcecode.swift; path = OurCityUITests.swift; sourceTree = "<group>"; };
		7D87661B2CC68DBB006A9BF2 /* OurCityUITestsLaunchTests.swift */ = {isa = PBXFileReference; lastKnownFileType = sourcecode.swift; path = OurCityUITestsLaunchTests.swift; sourceTree = "<group>"; };
/* End PBXFileReference section */

/* Begin PBXFrameworksBuildPhase section */
		7D8765F82CC68DBA006A9BF2 /* Frameworks */ = {
			isa = PBXFrameworksBuildPhase;
			buildActionMask = 2147483647;
			files = (
			);
			runOnlyForDeploymentPostprocessing = 0;
		};
		7D8766082CC68DBB006A9BF2 /* Frameworks */ = {
			isa = PBXFrameworksBuildPhase;
			buildActionMask = 2147483647;
			files = (
			);
			runOnlyForDeploymentPostprocessing = 0;
		};
		7D8766122CC68DBB006A9BF2 /* Frameworks */ = {
			isa = PBXFrameworksBuildPhase;
			buildActionMask = 2147483647;
			files = (
			);
			runOnlyForDeploymentPostprocessing = 0;
		};
/* End PBXFrameworksBuildPhase section */

/* Begin PBXGroup section */
		7D8765F22CC68DBA006A9BF2 = {
			isa = PBXGroup;
			children = (
				7D8765FD2CC68DBA006A9BF2 /* OurCity */,
				7D87660E2CC68DBB006A9BF2 /* OurCityTests */,
				7D8766182CC68DBB006A9BF2 /* OurCityUITests */,
				7D8765FC2CC68DBA006A9BF2 /* Products */,
			);
			sourceTree = "<group>";
		};
		7D8765FC2CC68DBA006A9BF2 /* Products */ = {
			isa = PBXGroup;
			children = (
				7D8765FB2CC68DBA006A9BF2 /* OurCity.app */,
				7D87660B2CC68DBB006A9BF2 /* OurCityTests.xctest */,
				7D8766152CC68DBB006A9BF2 /* OurCityUITests.xctest */,
			);
			name = Products;
			sourceTree = "<group>";
		};
		7D8765FD2CC68DBA006A9BF2 /* OurCity */ = {
			isa = PBXGroup;
			children = (
				7D8765FE2CC68DBA006A9BF2 /* OurCityApp.swift */,
				7D8766002CC68DBA006A9BF2 /* ContentView.swift */,
				7D8766022CC68DBB006A9BF2 /* Assets.xcassets */,
				7D8766042CC68DBB006A9BF2 /* Preview Content */,
			);
			path = OurCity;
			sourceTree = "<group>";
		};
		7D8766042CC68DBB006A9BF2 /* Preview Content */ = {
			isa = PBXGroup;
			children = (
				7D8766052CC68DBB006A9BF2 /* Preview Assets.xcassets */,
			);
			path = "Preview Content";
			sourceTree = "<group>";
		};
		7D87660E2CC68DBB006A9BF2 /* OurCityTests */ = {
			isa = PBXGroup;
			children = (
				7D87660F2CC68DBB006A9BF2 /* OurCityTests.swift */,
			);
			path = OurCityTests;
			sourceTree = "<group>";
		};
		7D8766182CC68DBB006A9BF2 /* OurCityUITests */ = {
			isa = PBXGroup;
			children = (
				7D8766192CC68DBB006A9BF2 /* OurCityUITests.swift */,
				7D87661B2CC68DBB006A9BF2 /* OurCityUITestsLaunchTests.swift */,
			);
			path = OurCityUITests;
			sourceTree = "<group>";
		};
/* End PBXGroup section */

/* Begin PBXNativeTarget section */
		7D8765FA2CC68DBA006A9BF2 /* OurCity */ = {
			isa = PBXNativeTarget;
			buildConfigurationList = 7D87661F2CC68DBB006A9BF2 /* Build configuration list for PBXNativeTarget "OurCity" */;
			buildPhases = (
				7D8765F72CC68DBA006A9BF2 /* Sources */,
				7D8765F82CC68DBA006A9BF2 /* Frameworks */,
				7D8765F92CC68DBA006A9BF2 /* Resources */,
			);
			buildRules = (
			);
			dependencies = (
			);
			name = OurCity;
			productName = OurCity;
			productReference = 7D8765FB2CC68DBA006A9BF2 /* OurCity.app */;
			productType = "com.apple.product-type.application";
		};
		7D87660A2CC68DBB006A9BF2 /* OurCityTests */ = {
			isa = PBXNativeTarget;
			buildConfigurationList = 7D8766222CC68DBB006A9BF2 /* Build configuration list for PBXNativeTarget "OurCityTests" */;
			buildPhases = (
				7D8766072CC68DBB006A9BF2 /* Sources */,
				7D8766082CC68DBB006A9BF2 /* Frameworks */,
				7D8766092CC68DBB006A9BF2 /* Resources */,
			);
			buildRules = (
			);
			dependencies = (
				7D87660D2CC68DBB006A9BF2 /* PBXTargetDependency */,
			);
			name = OurCityTests;
			productName = OurCityTests;
			productReference = 7D87660B2CC68DBB006A9BF2 /* OurCityTests.xctest */;
			productType = "com.apple.product-type.bundle.unit-test";
		};
		7D8766142CC68DBB006A9BF2 /* OurCityUITests */ = {
			isa = PBXNativeTarget;
			buildConfigurationList = 7D8766252CC68DBB006A9BF2 /* Build configuration list for PBXNativeTarget "OurCityUITests" */;
			buildPhases = (
				7D8766112CC68DBB006A9BF2 /* Sources */,
				7D8766122CC68DBB006A9BF2 /* Frameworks */,
				7D8766132CC68DBB006A9BF2 /* Resources */,
			);
			buildRules = (
			);
			dependencies = (
				7D8766172CC68DBB006A9BF2 /* PBXTargetDependency */,
			);
			name = OurCityUITests;
			productName = OurCityUITests;
			productReference = 7D8766152CC68DBB006A9BF2 /* OurCityUITests.xctest */;
			productType = "com.apple.product-type.bundle.ui-testing";
		};
/* End PBXNativeTarget section */

/* Begin PBXProject section */
		7D8765F32CC68DBA006A9BF2 /* Project object */ = {
			isa = PBXProject;
			attributes = {
				BuildIndependentTargetsInParallel = 1;
				LastSwiftUpdateCheck = 1540;
				LastUpgradeCheck = 1540;
				TargetAttributes = {
					7D8765FA2CC68DBA006A9BF2 = {
						CreatedOnToolsVersion = 15.4;
					};
					7D87660A2CC68DBB006A9BF2 = {
						CreatedOnToolsVersion = 15.4;
						TestTargetID = 7D8765FA2CC68DBA006A9BF2;
					};
					7D8766142CC68DBB006A9BF2 = {
						CreatedOnToolsVersion = 15.4;
						TestTargetID = 7D8765FA2CC68DBA006A9BF2;
					};
				};
			};
			buildConfigurationList = 7D8765F62CC68DBA006A9BF2 /* Build configuration list for PBXProject "OurCity" */;
			compatibilityVersion = "Xcode 14.0";
			developmentRegion = en;
			hasScannedForEncodings = 0;
			knownRegions = (
				en,
				Base,
			);
			mainGroup = 7D8765F22CC68DBA006A9BF2;
			productRefGroup = 7D8765FC2CC68DBA006A9BF2 /* Products */;
			projectDirPath = "";
			projectRoot = "";
			targets = (
				7D8765FA2CC68DBA006A9BF2 /* OurCity */,
				7D87660A2CC68DBB006A9BF2 /* OurCityTests */,
				7D8766142CC68DBB006A9BF2 /* OurCityUITests */,
			);
		};
/* End PBXProject section */

/* Begin PBXResourcesBuildPhase section */
		7D8765F92CC68DBA006A9BF2 /* Resources */ = {
			isa = PBXResourcesBuildPhase;
			buildActionMask = 2147483647;
			files = (
				7D8766062CC68DBB006A9BF2 /* Preview Assets.xcassets in Resources */,
				7D8766032CC68DBB006A9BF2 /* Assets.xcassets in Resources */,
			);
			runOnlyForDeploymentPostprocessing = 0;
		};
		7D8766092CC68DBB006A9BF2 /* Resources */ = {
			isa = PBXResourcesBuildPhase;
			buildActionMask = 2147483647;
			files = (
			);
			runOnlyForDeploymentPostprocessing = 0;
		};
		7D8766132CC68DBB006A9BF2 /* Resources */ = {
			isa = PBXResourcesBuildPhase;
			buildActionMask = 2147483647;
			files = (
			);
			runOnlyForDeploymentPostprocessing = 0;
		};
/* End PBXResourcesBuildPhase section */

/* Begin PBXSourcesBuildPhase section */
		7D8765F72CC68DBA006A9BF2 /* Sources */ = {
			isa = PBXSourcesBuildPhase;
			buildActionMask = 2147483647;
			files = (
				7D8766012CC68DBA006A9BF2 /* ContentView.swift in Sources */,
				7D8765FF2CC68DBA006A9BF2 /* OurCityApp.swift in Sources */,
			);
			runOnlyForDeploymentPostprocessing = 0;
		};
		7D8766072CC68DBB006A9BF2 /* Sources */ = {
			isa = PBXSourcesBuildPhase;
			buildActionMask = 2147483647;
			files = (
				7D8766102CC68DBB006A9BF2 /* OurCityTests.swift in Sources */,
			);
			runOnlyForDeploymentPostprocessing = 0;
		};
		7D8766112CC68DBB006A9BF2 /* Sources */ = {
			isa = PBXSourcesBuildPhase;
			buildActionMask = 2147483647;
			files = (
				7D87661C2CC68DBB006A9BF2 /* OurCityUITestsLaunchTests.swift in Sources */,
				7D87661A2CC68DBB006A9BF2 /* OurCityUITests.swift in Sources */,
			);
			runOnlyForDeploymentPostprocessing = 0;
		};
/* End PBXSourcesBuildPhase section */

/* Begin PBXTargetDependency section */
		7D87660D2CC68DBB006A9BF2 /* PBXTargetDependency */ = {
			isa = PBXTargetDependency;
			target = 7D8765FA2CC68DBA006A9BF2 /* OurCity */;
			targetProxy = 7D87660C2CC68DBB006A9BF2 /* PBXContainerItemProxy */;
		};
		7D8766172CC68DBB006A9BF2 /* PBXTargetDependency */ = {
			isa = PBXTargetDependency;
			target = 7D8765FA2CC68DBA006A9BF2 /* OurCity */;
			targetProxy = 7D8766162CC68DBB006A9BF2 /* PBXContainerItemProxy */;
		};
/* End PBXTargetDependency section */

/* Begin XCBuildConfiguration section */
		7D87661D2CC68DBB006A9BF2 /* Debug */ = {
			isa = XCBuildConfiguration;
			buildSettings = {
				ALWAYS_SEARCH_USER_PATHS = NO;
				ASSETCATALOG_COMPILER_GENERATE_SWIFT_ASSET_SYMBOL_EXTENSIONS = YES;
				CLANG_ANALYZER_NONNULL = YES;
				CLANG_ANALYZER_NUMBER_OBJECT_CONVERSION = YES_AGGRESSIVE;
				CLANG_CXX_LANGUAGE_STANDARD = "gnu++20";
				CLANG_ENABLE_MODULES = YES;
				CLANG_ENABLE_OBJC_ARC = YES;
				CLANG_ENABLE_OBJC_WEAK = YES;
				CLANG_WARN_BLOCK_CAPTURE_AUTORELEASING = YES;
				CLANG_WARN_BOOL_CONVERSION = YES;
				CLANG_WARN_COMMA = YES;
				CLANG_WARN_CONSTANT_CONVERSION = YES;
				CLANG_WARN_DEPRECATED_OBJC_IMPLEMENTATIONS = YES;
				CLANG_WARN_DIRECT_OBJC_ISA_USAGE = YES_ERROR;
				CLANG_WARN_DOCUMENTATION_COMMENTS = YES;
				CLANG_WARN_EMPTY_BODY = YES;
				CLANG_WARN_ENUM_CONVERSION = YES;
				CLANG_WARN_INFINITE_RECURSION = YES;
				CLANG_WARN_INT_CONVERSION = YES;
				CLANG_WARN_NON_LITERAL_NULL_CONVERSION = YES;
				CLANG_WARN_OBJC_IMPLICIT_RETAIN_SELF = YES;
				CLANG_WARN_OBJC_LITERAL_CONVERSION = YES;
				CLANG_WARN_OBJC_ROOT_CLASS = YES_ERROR;
				CLANG_WARN_QUOTED_INCLUDE_IN_FRAMEWORK_HEADER = YES;
				CLANG_WARN_RANGE_LOOP_ANALYSIS = YES;
				CLANG_WARN_STRICT_PROTOTYPES = YES;
				CLANG_WARN_SUSPICIOUS_MOVE = YES;
				CLANG_WARN_UNGUARDED_AVAILABILITY = YES_AGGRESSIVE;
				CLANG_WARN_UNREACHABLE_CODE = YES;
				CLANG_WARN__DUPLICATE_METHOD_MATCH = YES;
				COPY_PHASE_STRIP = NO;
				DEBUG_INFORMATION_FORMAT = dwarf;
				ENABLE_STRICT_OBJC_MSGSEND = YES;
				ENABLE_TESTABILITY = YES;
				ENABLE_USER_SCRIPT_SANDBOXING = YES;
				GCC_C_LANGUAGE_STANDARD = gnu17;
				GCC_DYNAMIC_NO_PIC = NO;
				GCC_NO_COMMON_BLOCKS = YES;
				GCC_OPTIMIZATION_LEVEL = 0;
				GCC_PREPROCESSOR_DEFINITIONS = (
					"DEBUG=1",
					"$(inherited)",
				);
				GCC_WARN_64_TO_32_BIT_CONVERSION = YES;
				GCC_WARN_ABOUT_RETURN_TYPE = YES_ERROR;
				GCC_WARN_UNDECLARED_SELECTOR = YES;
				GCC_WARN_UNINITIALIZED_AUTOS = YES_AGGRESSIVE;
				GCC_WARN_UNUSED_FUNCTION = YES;
				GCC_WARN_UNUSED_VARIABLE = YES;
				IPHONEOS_DEPLOYMENT_TARGET = 17.5;
				LOCALIZATION_PREFERS_STRING_CATALOGS = YES;
				MTL_ENABLE_DEBUG_INFO = INCLUDE_SOURCE;
				MTL_FAST_MATH = YES;
				ONLY_ACTIVE_ARCH = YES;
				SDKROOT = iphoneos;
				SWIFT_ACTIVE_COMPILATION_CONDITIONS = "DEBUG $(inherited)";
				SWIFT_OPTIMIZATION_LEVEL = "-Onone";
			};
			name = Debug;
		};
		7D87661E2CC68DBB006A9BF2 /* Release */ = {
			isa = XCBuildConfiguration;
			buildSettings = {
				ALWAYS_SEARCH_USER_PATHS = NO;
				ASSETCATALOG_COMPILER_GENERATE_SWIFT_ASSET_SYMBOL_EXTENSIONS = YES;
				CLANG_ANALYZER_NONNULL = YES;
				CLANG_ANALYZER_NUMBER_OBJECT_CONVERSION = YES_AGGRESSIVE;
				CLANG_CXX_LANGUAGE_STANDARD = "gnu++20";
				CLANG_ENABLE_MODULES = YES;
				CLANG_ENABLE_OBJC_ARC = YES;
				CLANG_ENABLE_OBJC_WEAK = YES;
				CLANG_WARN_BLOCK_CAPTURE_AUTORELEASING = YES;
				CLANG_WARN_BOOL_CONVERSION = YES;
				CLANG_WARN_COMMA = YES;
				CLANG_WARN_CONSTANT_CONVERSION = YES;
				CLANG_WARN_DEPRECATED_OBJC_IMPLEMENTATIONS = YES;
				CLANG_WARN_DIRECT_OBJC_ISA_USAGE = YES_ERROR;
				CLANG_WARN_DOCUMENTATION_COMMENTS = YES;
				CLANG_WARN_EMPTY_BODY = YES;
				CLANG_WARN_ENUM_CONVERSION = YES;
				CLANG_WARN_INFINITE_RECURSION = YES;
				CLANG_WARN_INT_CONVERSION = YES;
				CLANG_WARN_NON_LITERAL_NULL_CONVERSION = YES;
				CLANG_WARN_OBJC_IMPLICIT_RETAIN_SELF = YES;
				CLANG_WARN_OBJC_LITERAL_CONVERSION = YES;
				CLANG_WARN_OBJC_ROOT_CLASS = YES_ERROR;
				CLANG_WARN_QUOTED_INCLUDE_IN_FRAMEWORK_HEADER = YES;
				CLANG_WARN_RANGE_LOOP_ANALYSIS = YES;
				CLANG_WARN_STRICT_PROTOTYPES = YES;
				CLANG_WARN_SUSPICIOUS_MOVE = YES;
				CLANG_WARN_UNGUARDED_AVAILABILITY = YES_AGGRESSIVE;
				CLANG_WARN_UNREACHABLE_CODE = YES;
				CLANG_WARN__DUPLICATE_METHOD_MATCH = YES;
				COPY_PHASE_STRIP = NO;
				DEBUG_INFORMATION_FORMAT = "dwarf-with-dsym";
				ENABLE_NS_ASSERTIONS = NO;
				ENABLE_STRICT_OBJC_MSGSEND = YES;
				ENABLE_USER_SCRIPT_SANDBOXING = YES;
				GCC_C_LANGUAGE_STANDARD = gnu17;
				GCC_NO_COMMON_BLOCKS = YES;
				GCC_WARN_64_TO_32_BIT_CONVERSION = YES;
				GCC_WARN_ABOUT_RETURN_TYPE = YES_ERROR;
				GCC_WARN_UNDECLARED_SELECTOR = YES;
				GCC_WARN_UNINITIALIZED_AUTOS = YES_AGGRESSIVE;
				GCC_WARN_UNUSED_FUNCTION = YES;
				GCC_WARN_UNUSED_VARIABLE = YES;
				IPHONEOS_DEPLOYMENT_TARGET = 17.5;
				LOCALIZATION_PREFERS_STRING_CATALOGS = YES;
				MTL_ENABLE_DEBUG_INFO = NO;
				MTL_FAST_MATH = YES;
				SDKROOT = iphoneos;
				SWIFT_COMPILATION_MODE = wholemodule;
				VALIDATE_PRODUCT = YES;
			};
			name = Release;
		};
		7D8766202CC68DBB006A9BF2 /* Debug */ = {
			isa = XCBuildConfiguration;
			buildSettings = {
				ASSETCATALOG_COMPILER_APPICON_NAME = AppIcon;
				ASSETCATALOG_COMPILER_GLOBAL_ACCENT_COLOR_NAME = AccentColor;
				CODE_SIGN_STYLE = Automatic;
				CURRENT_PROJECT_VERSION = 1;
				DEVELOPMENT_ASSET_PATHS = "\"OurCity/Preview Content\"";
				ENABLE_PREVIEWS = YES;
				GENERATE_INFOPLIST_FILE = YES;
				INFOPLIST_KEY_UIApplicationSceneManifest_Generation = YES;
				INFOPLIST_KEY_UIApplicationSupportsIndirectInputEvents = YES;
				INFOPLIST_KEY_UILaunchScreen_Generation = YES;
				INFOPLIST_KEY_UISupportedInterfaceOrientations_iPad = "UIInterfaceOrientationPortrait UIInterfaceOrientationPortraitUpsideDown UIInterfaceOrientationLandscapeLeft UIInterfaceOrientationLandscapeRight";
				INFOPLIST_KEY_UISupportedInterfaceOrientations_iPhone = "UIInterfaceOrientationPortrait UIInterfaceOrientationLandscapeLeft UIInterfaceOrientationLandscapeRight";
				LD_RUNPATH_SEARCH_PATHS = (
					"$(inherited)",
					"@executable_path/Frameworks",
				);
				MARKETING_VERSION = 1.0;
				PRODUCT_BUNDLE_IDENTIFIER = Kekwaker.OurCity;
				PRODUCT_NAME = "$(TARGET_NAME)";
				SWIFT_EMIT_LOC_STRINGS = YES;
				SWIFT_VERSION = 5.0;
				TARGETED_DEVICE_FAMILY = "1,2";
			};
			name = Debug;
		};
		7D8766212CC68DBB006A9BF2 /* Release */ = {
			isa = XCBuildConfiguration;
			buildSettings = {
				ASSETCATALOG_COMPILER_APPICON_NAME = AppIcon;
				ASSETCATALOG_COMPILER_GLOBAL_ACCENT_COLOR_NAME = AccentColor;
				CODE_SIGN_STYLE = Automatic;
				CURRENT_PROJECT_VERSION = 1;
				DEVELOPMENT_ASSET_PATHS = "\"OurCity/Preview Content\"";
				ENABLE_PREVIEWS = YES;
				GENERATE_INFOPLIST_FILE = YES;
				INFOPLIST_KEY_UIApplicationSceneManifest_Generation = YES;
				INFOPLIST_KEY_UIApplicationSupportsIndirectInputEvents = YES;
				INFOPLIST_KEY_UILaunchScreen_Generation = YES;
				INFOPLIST_KEY_UISupportedInterfaceOrientations_iPad = "UIInterfaceOrientationPortrait UIInterfaceOrientationPortraitUpsideDown UIInterfaceOrientationLandscapeLeft UIInterfaceOrientationLandscapeRight";
				INFOPLIST_KEY_UISupportedInterfaceOrientations_iPhone = "UIInterfaceOrientationPortrait UIInterfaceOrientationLandscapeLeft UIInterfaceOrientationLandscapeRight";
				LD_RUNPATH_SEARCH_PATHS = (
					"$(inherited)",
					"@executable_path/Frameworks",
				);
				MARKETING_VERSION = 1.0;
				PRODUCT_BUNDLE_IDENTIFIER = Kekwaker.OurCity;
				PRODUCT_NAME = "$(TARGET_NAME)";
				SWIFT_EMIT_LOC_STRINGS = YES;
				SWIFT_VERSION = 5.0;
				TARGETED_DEVICE_FAMILY = "1,2";
			};
			name = Release;
		};
		7D8766232CC68DBB006A9BF2 /* Debug */ = {
			isa = XCBuildConfiguration;
			buildSettings = {
				ALWAYS_EMBED_SWIFT_STANDARD_LIBRARIES = YES;
				BUNDLE_LOADER = "$(TEST_HOST)";
				CODE_SIGN_STYLE = Automatic;
				CURRENT_PROJECT_VERSION = 1;
				GENERATE_INFOPLIST_FILE = YES;
				IPHONEOS_DEPLOYMENT_TARGET = 17.5;
				MARKETING_VERSION = 1.0;
				PRODUCT_BUNDLE_IDENTIFIER = Kekwaker.OurCityTests;
				PRODUCT_NAME = "$(TARGET_NAME)";
				SWIFT_EMIT_LOC_STRINGS = NO;
				SWIFT_VERSION = 5.0;
				TARGETED_DEVICE_FAMILY = "1,2";
				TEST_HOST = "$(BUILT_PRODUCTS_DIR)/OurCity.app/$(BUNDLE_EXECUTABLE_FOLDER_PATH)/OurCity";
			};
			name = Debug;
		};
		7D8766242CC68DBB006A9BF2 /* Release */ = {
			isa = XCBuildConfiguration;
			buildSettings = {
				ALWAYS_EMBED_SWIFT_STANDARD_LIBRARIES = YES;
				BUNDLE_LOADER = "$(TEST_HOST)";
				CODE_SIGN_STYLE = Automatic;
				CURRENT_PROJECT_VERSION = 1;
				GENERATE_INFOPLIST_FILE = YES;
				IPHONEOS_DEPLOYMENT_TARGET = 17.5;
				MARKETING_VERSION = 1.0;
				PRODUCT_BUNDLE_IDENTIFIER = Kekwaker.OurCityTests;
				PRODUCT_NAME = "$(TARGET_NAME)";
				SWIFT_EMIT_LOC_STRINGS = NO;
				SWIFT_VERSION = 5.0;
				TARGETED_DEVICE_FAMILY = "1,2";
				TEST_HOST = "$(BUILT_PRODUCTS_DIR)/OurCity.app/$(BUNDLE_EXECUTABLE_FOLDER_PATH)/OurCity";
			};
			name = Release;
		};
		7D8766262CC68DBB006A9BF2 /* Debug */ = {
			isa = XCBuildConfiguration;
			buildSettings = {
				ALWAYS_EMBED_SWIFT_STANDARD_LIBRARIES = YES;
				CODE_SIGN_STYLE = Automatic;
				CURRENT_PROJECT_VERSION = 1;
				GENERATE_INFOPLIST_FILE = YES;
				MARKETING_VERSION = 1.0;
				PRODUCT_BUNDLE_IDENTIFIER = Kekwaker.OurCityUITests;
				PRODUCT_NAME = "$(TARGET_NAME)";
				SWIFT_EMIT_LOC_STRINGS = NO;
				SWIFT_VERSION = 5.0;
				TARGETED_DEVICE_FAMILY = "1,2";
				TEST_TARGET_NAME = OurCity;
			};
			name = Debug;
		};
		7D8766272CC68DBB006A9BF2 /* Release */ = {
			isa = XCBuildConfiguration;
			buildSettings = {
				ALWAYS_EMBED_SWIFT_STANDARD_LIBRARIES = YES;
				CODE_SIGN_STYLE = Automatic;
				CURRENT_PROJECT_VERSION = 1;
				GENERATE_INFOPLIST_FILE = YES;
				MARKETING_VERSION = 1.0;
				PRODUCT_BUNDLE_IDENTIFIER = Kekwaker.OurCityUITests;
				PRODUCT_NAME = "$(TARGET_NAME)";
				SWIFT_EMIT_LOC_STRINGS = NO;
				SWIFT_VERSION = 5.0;
				TARGETED_DEVICE_FAMILY = "1,2";
				TEST_TARGET_NAME = OurCity;
			};
			name = Release;
		};
/* End XCBuildConfiguration section */

/* Begin XCConfigurationList section */
		7D8765F62CC68DBA006A9BF2 /* Build configuration list for PBXProject "OurCity" */ = {
			isa = XCConfigurationList;
			buildConfigurations = (
				7D87661D2CC68DBB006A9BF2 /* Debug */,
				7D87661E2CC68DBB006A9BF2 /* Release */,
			);
			defaultConfigurationIsVisible = 0;
			defaultConfigurationName = Release;
		};
		7D87661F2CC68DBB006A9BF2 /* Build configuration list for PBXNativeTarget "OurCity" */ = {
			isa = XCConfigurationList;
			buildConfigurations = (
				7D8766202CC68DBB006A9BF2 /* Debug */,
				7D8766212CC68DBB006A9BF2 /* Release */,
			);
			defaultConfigurationIsVisible = 0;
			defaultConfigurationName = Release;
		};
		7D8766222CC68DBB006A9BF2 /* Build configuration list for PBXNativeTarget "OurCityTests" */ = {
			isa = XCConfigurationList;
			buildConfigurations = (
				7D8766232CC68DBB006A9BF2 /* Debug */,
				7D8766242CC68DBB006A9BF2 /* Release */,
			);
			defaultConfigurationIsVisible = 0;
			defaultConfigurationName = Release;
		};
		7D8766252CC68DBB006A9BF2 /* Build configuration list for PBXNativeTarget "OurCityUITests" */ = {
			isa = XCConfigurationList;
			buildConfigurations = (
				7D8766262CC68DBB006A9BF2 /* Debug */,
				7D8766272CC68DBB006A9BF2 /* Release */,
			);
			defaultConfigurationIsVisible = 0;
			defaultConfigurationName = Release;
		};
/* End XCConfigurationList section */
	};
	rootObject = 7D8765F32CC68DBA006A9BF2 /* Project object */;
}
